// !$*UTF8*$!
{
	archiveVersion = 1;
	classes = {
	};
	objectVersion = 46;
	objects = {

/* Begin PBXBuildFile section */
		A21975DF1BAFBFBF0001D3A1 /* StopWatch.swift in Sources */ = {isa = PBXBuildFile; fileRef = A21975DE1BAFBFBF0001D3A1 /* StopWatch.swift */; };
		A21975E01BAFBFBF0001D3A1 /* StopWatch.swift in Sources */ = {isa = PBXBuildFile; fileRef = A21975DE1BAFBFBF0001D3A1 /* StopWatch.swift */; };
		A2B470F91B9A49C300525051 /* main.swift in Sources */ = {isa = PBXBuildFile; fileRef = A2B470F81B9A49C300525051 /* main.swift */; };
		A2B471011B9A4AB700525051 /* Logger.swift in Sources */ = {isa = PBXBuildFile; fileRef = A2B471001B9A4AB700525051 /* Logger.swift */; };
		A2B4710B1B9A4AD200525051 /* swiftlibtest.swift in Sources */ = {isa = PBXBuildFile; fileRef = A2B4710A1B9A4AD200525051 /* swiftlibtest.swift */; };
		A2B4710F1B9A4B0800525051 /* Logger.swift in Sources */ = {isa = PBXBuildFile; fileRef = A2B471001B9A4AB700525051 /* Logger.swift */; };
		A2B471111B9A54AB00525051 /* IsNearlyZero.swift in Sources */ = {isa = PBXBuildFile; fileRef = A2B471101B9A54AB00525051 /* IsNearlyZero.swift */; };
		A2B471121B9A589F00525051 /* IsNearlyZero.swift in Sources */ = {isa = PBXBuildFile; fileRef = A2B471101B9A54AB00525051 /* IsNearlyZero.swift */; };
/* End PBXBuildFile section */

/* Begin PBXCopyFilesBuildPhase section */
		A2B470F31B9A49C300525051 /* CopyFiles */ = {
			isa = PBXCopyFilesBuildPhase;
			buildActionMask = 2147483647;
			dstPath = /usr/share/man/man1/;
			dstSubfolderSpec = 0;
			files = (
			);
			runOnlyForDeploymentPostprocessing = 1;
		};
/* End PBXCopyFilesBuildPhase section */

/* Begin PBXFileReference section */
		A21975DE1BAFBFBF0001D3A1 /* StopWatch.swift */ = {isa = PBXFileReference; fileEncoding = 4; lastKnownFileType = sourcecode.swift; path = StopWatch.swift; sourceTree = "<group>"; };
		A2B470F51B9A49C300525051 /* swiftlib */ = {isa = PBXFileReference; explicitFileType = "compiled.mach-o.executable"; includeInIndex = 0; path = swiftlib; sourceTree = BUILT_PRODUCTS_DIR; };
		A2B470F81B9A49C300525051 /* main.swift */ = {isa = PBXFileReference; lastKnownFileType = sourcecode.swift; path = main.swift; sourceTree = "<group>"; };
		A2B471001B9A4AB700525051 /* Logger.swift */ = {isa = PBXFileReference; fileEncoding = 4; lastKnownFileType = sourcecode.swift; path = Logger.swift; sourceTree = "<group>"; };
		A2B471061B9A4AD200525051 /* swiftlibtest.xctest */ = {isa = PBXFileReference; explicitFileType = wrapper.cfbundle; includeInIndex = 0; path = swiftlibtest.xctest; sourceTree = BUILT_PRODUCTS_DIR; };
		A2B471091B9A4AD200525051 /* Info.plist */ = {isa = PBXFileReference; lastKnownFileType = text.plist.xml; path = Info.plist; sourceTree = "<group>"; };
		A2B4710A1B9A4AD200525051 /* swiftlibtest.swift */ = {isa = PBXFileReference; lastKnownFileType = sourcecode.swift; path = swiftlibtest.swift; sourceTree = "<group>"; };
		A2B471101B9A54AB00525051 /* IsNearlyZero.swift */ = {isa = PBXFileReference; fileEncoding = 4; lastKnownFileType = sourcecode.swift; path = IsNearlyZero.swift; sourceTree = "<group>"; };
/* End PBXFileReference section */

/* Begin PBXFrameworksBuildPhase section */
		A2B470F21B9A49C300525051 /* Frameworks */ = {
			isa = PBXFrameworksBuildPhase;
			buildActionMask = 2147483647;
			files = (
			);
			runOnlyForDeploymentPostprocessing = 0;
		};
		A2B471031B9A4AD200525051 /* Frameworks */ = {
			isa = PBXFrameworksBuildPhase;
			buildActionMask = 2147483647;
			files = (
			);
			runOnlyForDeploymentPostprocessing = 0;
		};
/* End PBXFrameworksBuildPhase section */

/* Begin PBXGroup section */
		A2B470EC1B9A49C300525051 = {
			isa = PBXGroup;
			children = (
				A2B470F71B9A49C300525051 /* swiftlib */,
				A2B471071B9A4AD200525051 /* swiftlibtest */,
				A2B470F61B9A49C300525051 /* Products */,
			);
			sourceTree = "<group>";
		};
		A2B470F61B9A49C300525051 /* Products */ = {
			isa = PBXGroup;
			children = (
				A2B470F51B9A49C300525051 /* swiftlib */,
				A2B471061B9A4AD200525051 /* swiftlibtest.xctest */,
			);
			name = Products;
			sourceTree = "<group>";
		};
		A2B470F71B9A49C300525051 /* swiftlib */ = {
			isa = PBXGroup;
			children = (
				A2B470FF1B9A4A1E00525051 /* lib */,
				A2B470F81B9A49C300525051 /* main.swift */,
			);
			path = swiftlib;
			sourceTree = "<group>";
		};
		A2B470FF1B9A4A1E00525051 /* lib */ = {
			isa = PBXGroup;
			children = (
				A2B471001B9A4AB700525051 /* Logger.swift */,
				A2B471101B9A54AB00525051 /* IsNearlyZero.swift */,
				A21975DE1BAFBFBF0001D3A1 /* StopWatch.swift */,
			);
			path = lib;
			sourceTree = "<group>";
		};
		A2B471071B9A4AD200525051 /* swiftlibtest */ = {
			isa = PBXGroup;
			children = (
				A2B4710A1B9A4AD200525051 /* swiftlibtest.swift */,
				A2B471081B9A4AD200525051 /* Supporting Files */,
			);
			path = swiftlibtest;
			sourceTree = "<group>";
		};
		A2B471081B9A4AD200525051 /* Supporting Files */ = {
			isa = PBXGroup;
			children = (
				A2B471091B9A4AD200525051 /* Info.plist */,
			);
			name = "Supporting Files";
			sourceTree = "<group>";
		};
/* End PBXGroup section */

/* Begin PBXNativeTarget section */
		A2B470F41B9A49C300525051 /* swiftlib */ = {
			isa = PBXNativeTarget;
			buildConfigurationList = A2B470FC1B9A49C300525051 /* Build configuration list for PBXNativeTarget "swiftlib" */;
			buildPhases = (
				A2B470F11B9A49C300525051 /* Sources */,
				A2B470F21B9A49C300525051 /* Frameworks */,
				A2B470F31B9A49C300525051 /* CopyFiles */,
			);
			buildRules = (
			);
			dependencies = (
			);
			name = swiftlib;
			productName = swiftlib;
			productReference = A2B470F51B9A49C300525051 /* swiftlib */;
			productType = "com.apple.product-type.tool";
		};
		A2B471051B9A4AD200525051 /* swiftlibtest */ = {
			isa = PBXNativeTarget;
			buildConfigurationList = A2B4710C1B9A4AD200525051 /* Build configuration list for PBXNativeTarget "swiftlibtest" */;
			buildPhases = (
				A2B471021B9A4AD200525051 /* Sources */,
				A2B471031B9A4AD200525051 /* Frameworks */,
				A2B471041B9A4AD200525051 /* Resources */,
			);
			buildRules = (
			);
			dependencies = (
			);
			name = swiftlibtest;
			productName = swiftlibtest;
			productReference = A2B471061B9A4AD200525051 /* swiftlibtest.xctest */;
			productType = "com.apple.product-type.bundle.unit-test";
		};
/* End PBXNativeTarget section */

/* Begin PBXProject section */
		A2B470ED1B9A49C300525051 /* Project object */ = {
			isa = PBXProject;
			attributes = {
				LastUpgradeCheck = 0640;
				ORGANIZATIONNAME = pebble8888;
				TargetAttributes = {
					A2B470F41B9A49C300525051 = {
						CreatedOnToolsVersion = 6.4;
					};
					A2B471051B9A4AD200525051 = {
						CreatedOnToolsVersion = 6.4;
					};
				};
			};
			buildConfigurationList = A2B470F01B9A49C300525051 /* Build configuration list for PBXProject "swiftlib" */;
			compatibilityVersion = "Xcode 3.2";
			developmentRegion = English;
			hasScannedForEncodings = 0;
			knownRegions = (
				en,
			);
			mainGroup = A2B470EC1B9A49C300525051;
			productRefGroup = A2B470F61B9A49C300525051 /* Products */;
			projectDirPath = "";
			projectRoot = "";
			targets = (
				A2B470F41B9A49C300525051 /* swiftlib */,
				A2B471051B9A4AD200525051 /* swiftlibtest */,
			);
		};
/* End PBXProject section */

/* Begin PBXResourcesBuildPhase section */
		A2B471041B9A4AD200525051 /* Resources */ = {
			isa = PBXResourcesBuildPhase;
			buildActionMask = 2147483647;
			files = (
			);
			runOnlyForDeploymentPostprocessing = 0;
		};
/* End PBXResourcesBuildPhase section */

/* Begin PBXSourcesBuildPhase section */
		A2B470F11B9A49C300525051 /* Sources */ = {
			isa = PBXSourcesBuildPhase;
			buildActionMask = 2147483647;
			files = (
				A2B470F91B9A49C300525051 /* main.swift in Sources */,
				A2B471011B9A4AB700525051 /* Logger.swift in Sources */,
				A2B471111B9A54AB00525051 /* IsNearlyZero.swift in Sources */,
				A21975DF1BAFBFBF0001D3A1 /* StopWatch.swift in Sources */,
			);
			runOnlyForDeploymentPostprocessing = 0;
		};
		A2B471021B9A4AD200525051 /* Sources */ = {
			isa = PBXSourcesBuildPhase;
			buildActionMask = 2147483647;
			files = (
				A2B4710F1B9A4B0800525051 /* Logger.swift in Sources */,
				A2B4710B1B9A4AD200525051 /* swiftlibtest.swift in Sources */,
				A2B471121B9A589F00525051 /* IsNearlyZero.swift in Sources */,
				A21975E01BAFBFBF0001D3A1 /* StopWatch.swift in Sources */,
			);
			runOnlyForDeploymentPostprocessing = 0;
		};
/* End PBXSourcesBuildPhase section */

/* Begin XCBuildConfiguration section */
		A2B470FA1B9A49C300525051 /* Debug */ = {
			isa = XCBuildConfiguration;
			buildSettings = {
				ALWAYS_SEARCH_USER_PATHS = NO;
				CLANG_CXX_LANGUAGE_STANDARD = "gnu++0x";
				CLANG_CXX_LIBRARY = "libc++";
				CLANG_ENABLE_MODULES = YES;
				CLANG_ENABLE_OBJC_ARC = YES;
				CLANG_WARN_BOOL_CONVERSION = YES;
				CLANG_WARN_CONSTANT_CONVERSION = YES;
				CLANG_WARN_DIRECT_OBJC_ISA_USAGE = YES_ERROR;
				CLANG_WARN_EMPTY_BODY = YES;
				CLANG_WARN_ENUM_CONVERSION = YES;
				CLANG_WARN_INT_CONVERSION = YES;
				CLANG_WARN_OBJC_ROOT_CLASS = YES_ERROR;
				CLANG_WARN_UNREACHABLE_CODE = YES;
				CLANG_WARN__DUPLICATE_METHOD_MATCH = YES;
				COPY_PHASE_STRIP = NO;
				DEBUG_INFORMATION_FORMAT = dwarf;
				ENABLE_STRICT_OBJC_MSGSEND = YES;
				GCC_C_LANGUAGE_STANDARD = gnu99;
				GCC_DYNAMIC_NO_PIC = NO;
				GCC_NO_COMMON_BLOCKS = YES;
				GCC_OPTIMIZATION_LEVEL = 0;
				GCC_PREPROCESSOR_DEFINITIONS = (
					"DEBUG=1",
					"$(inherited)",
				);
				GCC_SYMBOLS_PRIVATE_EXTERN = NO;
				GCC_WARN_64_TO_32_BIT_CONVERSION = YES;
				GCC_WARN_ABOUT_RETURN_TYPE = YES_ERROR;
				GCC_WARN_UNDECLARED_SELECTOR = YES;
				GCC_WARN_UNINITIALIZED_AUTOS = YES_AGGRESSIVE;
				GCC_WARN_UNUSED_FUNCTION = YES;
				GCC_WARN_UNUSED_VARIABLE = YES;
				MACOSX_DEPLOYMENT_TARGET = 10.10;
				MTL_ENABLE_DEBUG_INFO = YES;
				ONLY_ACTIVE_ARCH = YES;
				OTHER_SWIFT_FLAGS = "-D DEBUG";
				SDKROOT = macosx;
				SWIFT_OPTIMIZATION_LEVEL = "-Onone";
			};
			name = Debug;
		};
		A2B470FB1B9A49C300525051 /* Release */ = {
			isa = XCBuildConfiguration;
			buildSettings = {
				ALWAYS_SEARCH_USER_PATHS = NO;
				CLANG_CXX_LANGUAGE_STANDARD = "gnu++0x";
				CLANG_CXX_LIBRARY = "libc++";
				CLANG_ENABLE_MODULES = YES;
				CLANG_ENABLE_OBJC_ARC = YES;
				CLANG_WARN_BOOL_CONVERSION = YES;
				CLANG_WARN_CONSTANT_CONVERSION = YES;
				CLANG_WARN_DIRECT_OBJC_ISA_USAGE = YES_ERROR;
				CLANG_WARN_EMPTY_BODY = YES;
				CLANG_WARN_ENUM_CONVERSION = YES;
				CLANG_WARN_INT_CONVERSION = YES;
				CLANG_WARN_OBJC_ROOT_CLASS = YES_ERROR;
				CLANG_WARN_UNREACHABLE_CODE = YES;
				CLANG_WARN__DUPLICATE_METHOD_MATCH = YES;
				COPY_PHASE_STRIP = NO;
				DEBUG_INFORMATION_FORMAT = "dwarf-with-dsym";
				ENABLE_NS_ASSERTIONS = NO;
				ENABLE_STRICT_OBJC_MSGSEND = YES;
				GCC_C_LANGUAGE_STANDARD = gnu99;
				GCC_NO_COMMON_BLOCKS = YES;
				GCC_WARN_64_TO_32_BIT_CONVERSION = YES;
				GCC_WARN_ABOUT_RETURN_TYPE = YES_ERROR;
				GCC_WARN_UNDECLARED_SELECTOR = YES;
				GCC_WARN_UNINITIALIZED_AUTOS = YES_AGGRESSIVE;
				GCC_WARN_UNUSED_FUNCTION = YES;
				GCC_WARN_UNUSED_VARIABLE = YES;
				MACOSX_DEPLOYMENT_TARGET = 10.10;
				MTL_ENABLE_DEBUG_INFO = NO;
				OTHER_SWIFT_FLAGS = "-D DEBUG";
				SDKROOT = macosx;
			};
			name = Release;
		};
		A2B470FD1B9A49C300525051 /* Debug */ = {
			isa = XCBuildConfiguration;
			buildSettings = {
				PRODUCT_NAME = "$(TARGET_NAME)";
			};
			name = Debug;
		};
		A2B470FE1B9A49C300525051 /* Release */ = {
			isa = XCBuildConfiguration;
			buildSettings = {
				PRODUCT_NAME = "$(TARGET_NAME)";
			};
			name = Release;
		};
		A2B4710D1B9A4AD200525051 /* Debug */ = {
			isa = XCBuildConfiguration;
			buildSettings = {
				COMBINE_HIDPI_IMAGES = YES;
				FRAMEWORK_SEARCH_PATHS = (
					"$(DEVELOPER_FRAMEWORKS_DIR)",
					"$(inherited)",
				);
				GCC_PREPROCESSOR_DEFINITIONS = (
					"DEBUG=1",
					"$(inherited)",
				);
				INFOPLIST_FILE = swiftlibtest/Info.plist;
				LD_RUNPATH_SEARCH_PATHS = "$(inherited) @executable_path/../Frameworks @loader_path/../Frameworks";
				PRODUCT_NAME = "$(TARGET_NAME)";
			};
			name = Debug;
		};
		A2B4710E1B9A4AD200525051 /* Release */ = {
			isa = XCBuildConfiguration;
			buildSettings = {
				COMBINE_HIDPI_IMAGES = YES;
				FRAMEWORK_SEARCH_PATHS = (
					"$(DEVELOPER_FRAMEWORKS_DIR)",
					"$(inherited)",
				);
				INFOPLIST_FILE = swiftlibtest/Info.plist;
				LD_RUNPATH_SEARCH_PATHS = "$(inherited) @executable_path/../Frameworks @loader_path/../Frameworks";
				PRODUCT_NAME = "$(TARGET_NAME)";
			};
			name = Release;
		};
/* End XCBuildConfiguration section */

/* Begin XCConfigurationList section */
		A2B470F01B9A49C300525051 /* Build configuration list for PBXProject "swiftlib" */ = {
			isa = XCConfigurationList;
			buildConfigurations = (
				A2B470FA1B9A49C300525051 /* Debug */,
				A2B470FB1B9A49C300525051 /* Release */,
			);
			defaultConfigurationIsVisible = 0;
			defaultConfigurationName = Release;
		};
		A2B470FC1B9A49C300525051 /* Build configuration list for PBXNativeTarget "swiftlib" */ = {
			isa = XCConfigurationList;
			buildConfigurations = (
				A2B470FD1B9A49C300525051 /* Debug */,
				A2B470FE1B9A49C300525051 /* Release */,
			);
			defaultConfigurationIsVisible = 0;
			defaultConfigurationName = Release;
		};
		A2B4710C1B9A4AD200525051 /* Build configuration list for PBXNativeTarget "swiftlibtest" */ = {
			isa = XCConfigurationList;
			buildConfigurations = (
				A2B4710D1B9A4AD200525051 /* Debug */,
				A2B4710E1B9A4AD200525051 /* Release */,
			);
			defaultConfigurationIsVisible = 0;
			defaultConfigurationName = Release;
		};
/* End XCConfigurationList section */
	};
	rootObject = A2B470ED1B9A49C300525051 /* Project object */;
}
